
Microsoft Visual Studio Solution File, Format Version 12.00
# Visual Studio Version 16
VisualStudioVersion = 16.0.30011.22
MinimumVisualStudioVersion = 10.0.40219.1
Project("{9A19103F-16F7-4668-BE54-9A1E7A4F7556}") = "gastos.common", "gastos.common\gastos.common.csproj", "{4DDB4B66-FCBA-4747-B688-79AE7CF981B0}"
EndProject
Project("{9A19103F-16F7-4668-BE54-9A1E7A4F7556}") = "gastos.web", "gastos.web\gastos.web.csproj", "{18D78AAA-5E62-4AD0-BE1D-A42E0A9F81D5}"
EndProject
Project("{FAE04EC0-301F-11D3-BF4B-00C04F79EFBC}") = "gastosss", "gastosss\gastosss\gastosss.csproj", "{FD031EA6-5891-4778-8987-76DEFFA6E8CF}"
EndProject
Project("{FAE04EC0-301F-11D3-BF4B-00C04F79EFBC}") = "gastosss.Android", "gastosss\gastosss.Android\gastosss.Android.csproj", "{2AEAD9AE-362F-4A86-88F4-4CA76795B288}"
EndProject
Project("{FAE04EC0-301F-11D3-BF4B-00C04F79EFBC}") = "gastosss.iOS", "gastosss\gastosss.iOS\gastosss.iOS.csproj", "{625426E3-B0CA-4744-957B-DBABBAB94844}"
EndProject
Project("{FAE04EC0-301F-11D3-BF4B-00C04F79EFBC}") = "gastos.cross.android", "gastos.cross.android\gastos.cross.android.csproj", "{96E27D1C-9139-4A26-BE99-29FA25944B73}"
EndProject
Project("{FAE04EC0-301F-11D3-BF4B-00C04F79EFBC}") = "gastos.cross.iOS", "gastos.cross.iOS\gastos.cross.iOS.csproj", "{2C2AC83A-EFA0-41B6-938F-10614A71F16A}"
EndProject
Global
	GlobalSection(SolutionConfigurationPlatforms) = preSolution
		Ad-Hoc|Any CPU = Ad-Hoc|Any CPU
		Ad-Hoc|iPhone = Ad-Hoc|iPhone
		Ad-Hoc|iPhoneSimulator = Ad-Hoc|iPhoneSimulator
		AppStore|Any CPU = AppStore|Any CPU
		AppStore|iPhone = AppStore|iPhone
		AppStore|iPhoneSimulator = AppStore|iPhoneSimulator
		Debug|Any CPU = Debug|Any CPU
		Debug|iPhone = Debug|iPhone
		Debug|iPhoneSimulator = Debug|iPhoneSimulator
		Release|Any CPU = Release|Any CPU
		Release|iPhone = Release|iPhone
		Release|iPhoneSimulator = Release|iPhoneSimulator
	EndGlobalSection
	GlobalSection(ProjectConfigurationPlatforms) = postSolution
		{4DDB4B66-FCBA-4747-B688-79AE7CF981B0}.Ad-Hoc|Any CPU.ActiveCfg = Release|Any CPU
		{4DDB4B66-FCBA-4747-B688-79AE7CF981B0}.Ad-Hoc|Any CPU.Build.0 = Release|Any CPU
		{4DDB4B66-FCBA-4747-B688-79AE7CF981B0}.Ad-Hoc|iPhone.ActiveCfg = Release|Any CPU
		{4DDB4B66-FCBA-4747-B688-79AE7CF981B0}.Ad-Hoc|iPhone.Build.0 = Release|Any CPU
		{4DDB4B66-FCBA-4747-B688-79AE7CF981B0}.Ad-Hoc|iPhoneSimulator.ActiveCfg = Release|Any CPU
		{4DDB4B66-FCBA-4747-B688-79AE7CF981B0}.Ad-Hoc|iPhoneSimulator.Build.0 = Release|Any CPU
		{4DDB4B66-FCBA-4747-B688-79AE7CF981B0}.AppStore|Any CPU.ActiveCfg = Release|Any CPU
		{4DDB4B66-FCBA-4747-B688-79AE7CF981B0}.AppStore|Any CPU.Build.0 = Release|Any CPU
		{4DDB4B66-FCBA-4747-B688-79AE7CF981B0}.AppStore|iPhone.ActiveCfg = Release|Any CPU
		{4DDB4B66-FCBA-4747-B688-79AE7CF981B0}.AppStore|iPhone.Build.0 = Release|Any CPU
		{4DDB4B66-FCBA-4747-B688-79AE7CF981B0}.AppStore|iPhoneSimulator.ActiveCfg = Release|Any CPU
		{4DDB4B66-FCBA-4747-B688-79AE7CF981B0}.AppStore|iPhoneSimulator.Build.0 = Release|Any CPU
		{4DDB4B66-FCBA-4747-B688-79AE7CF981B0}.Debug|Any CPU.ActiveCfg = Debug|Any CPU
		{4DDB4B66-FCBA-4747-B688-79AE7CF981B0}.Debug|Any CPU.Build.0 = Debug|Any CPU
		{4DDB4B66-FCBA-4747-B688-79AE7CF981B0}.Debug|iPhone.ActiveCfg = Debug|Any CPU
		{4DDB4B66-FCBA-4747-B688-79AE7CF981B0}.Debug|iPhone.Build.0 = Debug|Any CPU
		{4DDB4B66-FCBA-4747-B688-79AE7CF981B0}.Debug|iPhoneSimulator.ActiveCfg = Debug|Any CPU
		{4DDB4B66-FCBA-4747-B688-79AE7CF981B0}.Debug|iPhoneSimulator.Build.0 = Debug|Any CPU
		{4DDB4B66-FCBA-4747-B688-79AE7CF981B0}.Release|Any CPU.ActiveCfg = Release|Any CPU
		{4DDB4B66-FCBA-4747-B688-79AE7CF981B0}.Release|Any CPU.Build.0 = Release|Any CPU
		{4DDB4B66-FCBA-4747-B688-79AE7CF981B0}.Release|iPhone.ActiveCfg = Release|Any CPU
		{4DDB4B66-FCBA-4747-B688-79AE7CF981B0}.Release|iPhone.Build.0 = Release|Any CPU
		{4DDB4B66-FCBA-4747-B688-79AE7CF981B0}.Release|iPhoneSimulator.ActiveCfg = Release|Any CPU
		{4DDB4B66-FCBA-4747-B688-79AE7CF981B0}.Release|iPhoneSimulator.Build.0 = Release|Any CPU
		{18D78AAA-5E62-4AD0-BE1D-A42E0A9F81D5}.Ad-Hoc|Any CPU.ActiveCfg = Release|Any CPU
		{18D78AAA-5E62-4AD0-BE1D-A42E0A9F81D5}.Ad-Hoc|Any CPU.Build.0 = Release|Any CPU
		{18D78AAA-5E62-4AD0-BE1D-A42E0A9F81D5}.Ad-Hoc|iPhone.ActiveCfg = Release|Any CPU
		{18D78AAA-5E62-4AD0-BE1D-A42E0A9F81D5}.Ad-Hoc|iPhone.Build.0 = Release|Any CPU
		{18D78AAA-5E62-4AD0-BE1D-A42E0A9F81D5}.Ad-Hoc|iPhoneSimulator.ActiveCfg = Release|Any CPU
		{18D78AAA-5E62-4AD0-BE1D-A42E0A9F81D5}.Ad-Hoc|iPhoneSimulator.Build.0 = Release|Any CPU
		{18D78AAA-5E62-4AD0-BE1D-A42E0A9F81D5}.AppStore|Any CPU.ActiveCfg = Release|Any CPU
		{18D78AAA-5E62-4AD0-BE1D-A42E0A9F81D5}.AppStore|Any CPU.Build.0 = Release|Any CPU
		{18D78AAA-5E62-4AD0-BE1D-A42E0A9F81D5}.AppStore|iPhone.ActiveCfg = Release|Any CPU
		{18D78AAA-5E62-4AD0-BE1D-A42E0A9F81D5}.AppStore|iPhone.Build.0 = Release|Any CPU
		{18D78AAA-5E62-4AD0-BE1D-A42E0A9F81D5}.AppStore|iPhoneSimulator.ActiveCfg = Release|Any CPU
		{18D78AAA-5E62-4AD0-BE1D-A42E0A9F81D5}.AppStore|iPhoneSimulator.Build.0 = Release|Any CPU
		{18D78AAA-5E62-4AD0-BE1D-A42E0A9F81D5}.Debug|Any CPU.ActiveCfg = Debug|Any CPU
		{18D78AAA-5E62-4AD0-BE1D-A42E0A9F81D5}.Debug|Any CPU.Build.0 = Debug|Any CPU
		{18D78AAA-5E62-4AD0-BE1D-A42E0A9F81D5}.Debug|iPhone.ActiveCfg = Debug|Any CPU
		{18D78AAA-5E62-4AD0-BE1D-A42E0A9F81D5}.Debug|iPhone.Build.0 = Debug|Any CPU
		{18D78AAA-5E62-4AD0-BE1D-A42E0A9F81D5}.Debug|iPhoneSimulator.ActiveCfg = Debug|Any CPU
		{18D78AAA-5E62-4AD0-BE1D-A42E0A9F81D5}.Debug|iPhoneSimulator.Build.0 = Debug|Any CPU
		{18D78AAA-5E62-4AD0-BE1D-A42E0A9F81D5}.Release|Any CPU.ActiveCfg = Release|Any CPU
		{18D78AAA-5E62-4AD0-BE1D-A42E0A9F81D5}.Release|Any CPU.Build.0 = Release|Any CPU
		{18D78AAA-5E62-4AD0-BE1D-A42E0A9F81D5}.Release|iPhone.ActiveCfg = Release|Any CPU
		{18D78AAA-5E62-4AD0-BE1D-A42E0A9F81D5}.Release|iPhone.Build.0 = Release|Any CPU
		{18D78AAA-5E62-4AD0-BE1D-A42E0A9F81D5}.Release|iPhoneSimulator.ActiveCfg = Release|Any CPU
		{18D78AAA-5E62-4AD0-BE1D-A42E0A9F81D5}.Release|iPhoneSimulator.Build.0 = Release|Any CPU
		{FD031EA6-5891-4778-8987-76DEFFA6E8CF}.Ad-Hoc|Any CPU.ActiveCfg = Debug|Any CPU
		{FD031EA6-5891-4778-8987-76DEFFA6E8CF}.Ad-Hoc|Any CPU.Build.0 = Debug|Any CPU
		{FD031EA6-5891-4778-8987-76DEFFA6E8CF}.Ad-Hoc|iPhone.ActiveCfg = Debug|Any CPU
		{FD031EA6-5891-4778-8987-76DEFFA6E8CF}.Ad-Hoc|iPhone.Build.0 = Debug|Any CPU
		{FD031EA6-5891-4778-8987-76DEFFA6E8CF}.Ad-Hoc|iPhoneSimulator.ActiveCfg = Debug|Any CPU
		{FD031EA6-5891-4778-8987-76DEFFA6E8CF}.Ad-Hoc|iPhoneSimulator.Build.0 = Debug|Any CPU
		{FD031EA6-5891-4778-8987-76DEFFA6E8CF}.AppStore|Any CPU.ActiveCfg = Debug|Any CPU
		{FD031EA6-5891-4778-8987-76DEFFA6E8CF}.AppStore|Any CPU.Build.0 = Debug|Any CPU
		{FD031EA6-5891-4778-8987-76DEFFA6E8CF}.AppStore|iPhone.ActiveCfg = Debug|Any CPU
		{FD031EA6-5891-4778-8987-76DEFFA6E8CF}.AppStore|iPhone.Build.0 = Debug|Any CPU
		{FD031EA6-5891-4778-8987-76DEFFA6E8CF}.AppStore|iPhoneSimulator.ActiveCfg = Debug|Any CPU
		{FD031EA6-5891-4778-8987-76DEFFA6E8CF}.AppStore|iPhoneSimulator.Build.0 = Debug|Any CPU
		{FD031EA6-5891-4778-8987-76DEFFA6E8CF}.Debug|Any CPU.ActiveCfg = Debug|Any CPU
		{FD031EA6-5891-4778-8987-76DEFFA6E8CF}.Debug|Any CPU.Build.0 = Debug|Any CPU
		{FD031EA6-5891-4778-8987-76DEFFA6E8CF}.Debug|iPhone.ActiveCfg = Debug|Any CPU
		{FD031EA6-5891-4778-8987-76DEFFA6E8CF}.Debug|iPhone.Build.0 = Debug|Any CPU
		{FD031EA6-5891-4778-8987-76DEFFA6E8CF}.Debug|iPhoneSimulator.ActiveCfg = Debug|Any CPU
		{FD031EA6-5891-4778-8987-76DEFFA6E8CF}.Debug|iPhoneSimulator.Build.0 = Debug|Any CPU
		{FD031EA6-5891-4778-8987-76DEFFA6E8CF}.Release|Any CPU.ActiveCfg = Release|Any CPU
		{FD031EA6-5891-4778-8987-76DEFFA6E8CF}.Release|Any CPU.Build.0 = Release|Any CPU
		{FD031EA6-5891-4778-8987-76DEFFA6E8CF}.Release|iPhone.ActiveCfg = Release|Any CPU
		{FD031EA6-5891-4778-8987-76DEFFA6E8CF}.Release|iPhone.Build.0 = Release|Any CPU
		{FD031EA6-5891-4778-8987-76DEFFA6E8CF}.Release|iPhoneSimulator.ActiveCfg = Release|Any CPU
		{FD031EA6-5891-4778-8987-76DEFFA6E8CF}.Release|iPhoneSimulator.Build.0 = Release|Any CPU
		{2AEAD9AE-362F-4A86-88F4-4CA76795B288}.Ad-Hoc|Any CPU.ActiveCfg = Release|Any CPU
		{2AEAD9AE-362F-4A86-88F4-4CA76795B288}.Ad-Hoc|Any CPU.Build.0 = Release|Any CPU
		{2AEAD9AE-362F-4A86-88F4-4CA76795B288}.Ad-Hoc|Any CPU.Deploy.0 = Release|Any CPU
		{2AEAD9AE-362F-4A86-88F4-4CA76795B288}.Ad-Hoc|iPhone.ActiveCfg = Release|Any CPU
		{2AEAD9AE-362F-4A86-88F4-4CA76795B288}.Ad-Hoc|iPhone.Build.0 = Release|Any CPU
		{2AEAD9AE-362F-4A86-88F4-4CA76795B288}.Ad-Hoc|iPhone.Deploy.0 = Release|Any CPU
		{2AEAD9AE-362F-4A86-88F4-4CA76795B288}.Ad-Hoc|iPhoneSimulator.ActiveCfg = Release|Any CPU
		{2AEAD9AE-362F-4A86-88F4-4CA76795B288}.Ad-Hoc|iPhoneSimulator.Build.0 = Release|Any CPU
		{2AEAD9AE-362F-4A86-88F4-4CA76795B288}.Ad-Hoc|iPhoneSimulator.Deploy.0 = Release|Any CPU
		{2AEAD9AE-362F-4A86-88F4-4CA76795B288}.AppStore|Any CPU.ActiveCfg = Release|Any CPU
		{2AEAD9AE-362F-4A86-88F4-4CA76795B288}.AppStore|Any CPU.Build.0 = Release|Any CPU
		{2AEAD9AE-362F-4A86-88F4-4CA76795B288}.AppStore|Any CPU.Deploy.0 = Release|Any CPU
		{2AEAD9AE-362F-4A86-88F4-4CA76795B288}.AppStore|iPhone.ActiveCfg = Release|Any CPU
		{2AEAD9AE-362F-4A86-88F4-4CA76795B288}.AppStore|iPhone.Build.0 = Release|Any CPU
		{2AEAD9AE-362F-4A86-88F4-4CA76795B288}.AppStore|iPhone.Deploy.0 = Release|Any CPU
		{2AEAD9AE-362F-4A86-88F4-4CA76795B288}.AppStore|iPhoneSimulator.ActiveCfg = Release|Any CPU
		{2AEAD9AE-362F-4A86-88F4-4CA76795B288}.AppStore|iPhoneSimulator.Build.0 = Release|Any CPU
		{2AEAD9AE-362F-4A86-88F4-4CA76795B288}.AppStore|iPhoneSimulator.Deploy.0 = Release|Any CPU
		{2AEAD9AE-362F-4A86-88F4-4CA76795B288}.Debug|Any CPU.ActiveCfg = Debug|Any CPU
		{2AEAD9AE-362F-4A86-88F4-4CA76795B288}.Debug|Any CPU.Build.0 = Debug|Any CPU
		{2AEAD9AE-362F-4A86-88F4-4CA76795B288}.Debug|Any CPU.Deploy.0 = Debug|Any CPU
		{2AEAD9AE-362F-4A86-88F4-4CA76795B288}.Debug|iPhone.ActiveCfg = Debug|Any CPU
		{2AEAD9AE-362F-4A86-88F4-4CA76795B288}.Debug|iPhone.Build.0 = Debug|Any CPU
		{2AEAD9AE-362F-4A86-88F4-4CA76795B288}.Debug|iPhone.Deploy.0 = Debug|Any CPU
		{2AEAD9AE-362F-4A86-88F4-4CA76795B288}.Debug|iPhoneSimulator.ActiveCfg = Debug|Any CPU
		{2AEAD9AE-362F-4A86-88F4-4CA76795B288}.Debug|iPhoneSimulator.Build.0 = Debug|Any CPU
		{2AEAD9AE-362F-4A86-88F4-4CA76795B288}.Debug|iPhoneSimulator.Deploy.0 = Debug|Any CPU
		{2AEAD9AE-362F-4A86-88F4-4CA76795B288}.Release|Any CPU.ActiveCfg = Release|Any CPU
		{2AEAD9AE-362F-4A86-88F4-4CA76795B288}.Release|Any CPU.Build.0 = Release|Any CPU
		{2AEAD9AE-362F-4A86-88F4-4CA76795B288}.Release|Any CPU.Deploy.0 = Release|Any CPU
		{2AEAD9AE-362F-4A86-88F4-4CA76795B288}.Release|iPhone.ActiveCfg = Release|Any CPU
		{2AEAD9AE-362F-4A86-88F4-4CA76795B288}.Release|iPhone.Build.0 = Release|Any CPU
		{2AEAD9AE-362F-4A86-88F4-4CA76795B288}.Release|iPhone.Deploy.0 = Release|Any CPU
		{2AEAD9AE-362F-4A86-88F4-4CA76795B288}.Release|iPhoneSimulator.ActiveCfg = Release|Any CPU
		{2AEAD9AE-362F-4A86-88F4-4CA76795B288}.Release|iPhoneSimulator.Build.0 = Release|Any CPU
		{2AEAD9AE-362F-4A86-88F4-4CA76795B288}.Release|iPhoneSimulator.Deploy.0 = Release|Any CPU
		{625426E3-B0CA-4744-957B-DBABBAB94844}.Ad-Hoc|Any CPU.ActiveCfg = Ad-Hoc|iPhone
		{625426E3-B0CA-4744-957B-DBABBAB94844}.Ad-Hoc|iPhone.ActiveCfg = Ad-Hoc|iPhone
		{625426E3-B0CA-4744-957B-DBABBAB94844}.Ad-Hoc|iPhone.Build.0 = Ad-Hoc|iPhone
		{625426E3-B0CA-4744-957B-DBABBAB94844}.Ad-Hoc|iPhoneSimulator.ActiveCfg = Ad-Hoc|iPhoneSimulator
		{625426E3-B0CA-4744-957B-DBABBAB94844}.Ad-Hoc|iPhoneSimulator.Build.0 = Ad-Hoc|iPhoneSimulator
		{625426E3-B0CA-4744-957B-DBABBAB94844}.AppStore|Any CPU.ActiveCfg = AppStore|iPhone
		{625426E3-B0CA-4744-957B-DBABBAB94844}.AppStore|iPhone.ActiveCfg = AppStore|iPhone
		{625426E3-B0CA-4744-957B-DBABBAB94844}.AppStore|iPhone.Build.0 = AppStore|iPhone
		{625426E3-B0CA-4744-957B-DBABBAB94844}.AppStore|iPhoneSimulator.ActiveCfg = AppStore|iPhoneSimulator
		{625426E3-B0CA-4744-957B-DBABBAB94844}.AppStore|iPhoneSimulator.Build.0 = AppStore|iPhoneSimulator
		{625426E3-B0CA-4744-957B-DBABBAB94844}.Debug|Any CPU.ActiveCfg = Debug|iPhone
		{625426E3-B0CA-4744-957B-DBABBAB94844}.Debug|iPhone.ActiveCfg = Debug|iPhone
		{625426E3-B0CA-4744-957B-DBABBAB94844}.Debug|iPhone.Build.0 = Debug|iPhone
		{625426E3-B0CA-4744-957B-DBABBAB94844}.Debug|iPhoneSimulator.ActiveCfg = Debug|iPhoneSimulator
		{625426E3-B0CA-4744-957B-DBABBAB94844}.Debug|iPhoneSimulator.Build.0 = Debug|iPhoneSimulator
		{625426E3-B0CA-4744-957B-DBABBAB94844}.Release|Any CPU.ActiveCfg = Release|iPhone
		{625426E3-B0CA-4744-957B-DBABBAB94844}.Release|iPhone.ActiveCfg = Release|iPhone
		{625426E3-B0CA-4744-957B-DBABBAB94844}.Release|iPhone.Build.0 = Release|iPhone
		{625426E3-B0CA-4744-957B-DBABBAB94844}.Release|iPhoneSimulator.ActiveCfg = Release|iPhoneSimulator
		{625426E3-B0CA-4744-957B-DBABBAB94844}.Release|iPhoneSimulator.Build.0 = Release|iPhoneSimulator
		{96E27D1C-9139-4A26-BE99-29FA25944B73}.Ad-Hoc|Any CPU.ActiveCfg = Release|Any CPU
		{96E27D1C-9139-4A26-BE99-29FA25944B73}.Ad-Hoc|Any CPU.Build.0 = Release|Any CPU
		{96E27D1C-9139-4A26-BE99-29FA25944B73}.Ad-Hoc|Any CPU.Deploy.0 = Release|Any CPU
		{96E27D1C-9139-4A26-BE99-29FA25944B73}.Ad-Hoc|iPhone.ActiveCfg = Release|Any CPU
		{96E27D1C-9139-4A26-BE99-29FA25944B73}.Ad-Hoc|iPhone.Build.0 = Release|Any CPU
		{96E27D1C-9139-4A26-BE99-29FA25944B73}.Ad-Hoc|iPhone.Deploy.0 = Release|Any CPU
		{96E27D1C-9139-4A26-BE99-29FA25944B73}.Ad-Hoc|iPhoneSimulator.ActiveCfg = Release|Any CPU
		{96E27D1C-9139-4A26-BE99-29FA25944B73}.Ad-Hoc|iPhoneSimulator.Build.0 = Release|Any CPU
		{96E27D1C-9139-4A26-BE99-29FA25944B73}.Ad-Hoc|iPhoneSimulator.Deploy.0 = Release|Any CPU
		{96E27D1C-9139-4A26-BE99-29FA25944B73}.AppStore|Any CPU.ActiveCfg = Release|Any CPU
		{96E27D1C-9139-4A26-BE99-29FA25944B73}.AppStore|Any CPU.Build.0 = Release|Any CPU
		{96E27D1C-9139-4A26-BE99-29FA25944B73}.AppStore|Any CPU.Deploy.0 = Release|Any CPU
		{96E27D1C-9139-4A26-BE99-29FA25944B73}.AppStore|iPhone.ActiveCfg = Release|Any CPU
		{96E27D1C-9139-4A26-BE99-29FA25944B73}.AppStore|iPhone.Build.0 = Release|Any CPU
		{96E27D1C-9139-4A26-BE99-29FA25944B73}.AppStore|iPhone.Deploy.0 = Release|Any CPU
		{96E27D1C-9139-4A26-BE99-29FA25944B73}.AppStore|iPhoneSimulator.ActiveCfg = Release|Any CPU
		{96E27D1C-9139-4A26-BE99-29FA25944B73}.AppStore|iPhoneSimulator.Build.0 = Release|Any CPU
		{96E27D1C-9139-4A26-BE99-29FA25944B73}.AppStore|iPhoneSimulator.Deploy.0 = Release|Any CPU
		{96E27D1C-9139-4A26-BE99-29FA25944B73}.Debug|Any CPU.ActiveCfg = Debug|Any CPU
		{96E27D1C-9139-4A26-BE99-29FA25944B73}.Debug|Any CPU.Build.0 = Debug|Any CPU
		{96E27D1C-9139-4A26-BE99-29FA25944B73}.Debug|Any CPU.Deploy.0 = Debug|Any CPU
		{96E27D1C-9139-4A26-BE99-29FA25944B73}.Debug|iPhone.ActiveCfg = Debug|Any CPU
		{96E27D1C-9139-4A26-BE99-29FA25944B73}.Debug|iPhone.Build.0 = Debug|Any CPU
		{96E27D1C-9139-4A26-BE99-29FA25944B73}.Debug|iPhone.Deploy.0 = Debug|Any CPU
		{96E27D1C-9139-4A26-BE99-29FA25944B73}.Debug|iPhoneSimulator.ActiveCfg = Debug|Any CPU
		{96E27D1C-9139-4A26-BE99-29FA25944B73}.Debug|iPhoneSimulator.Build.0 = Debug|Any CPU
		{96E27D1C-9139-4A26-BE99-29FA25944B73}.Debug|iPhoneSimulator.Deploy.0 = Debug|Any CPU
		{96E27D1C-9139-4A26-BE99-29FA25944B73}.Release|Any CPU.ActiveCfg = Release|Any CPU
		{96E27D1C-9139-4A26-BE99-29FA25944B73}.Release|Any CPU.Build.0 = Release|Any CPU
		{96E27D1C-9139-4A26-BE99-29FA25944B73}.Release|Any CPU.Deploy.0 = Release|Any CPU
		{96E27D1C-9139-4A26-BE99-29FA25944B73}.Release|iPhone.ActiveCfg = Release|Any CPU
		{96E27D1C-9139-4A26-BE99-29FA25944B73}.Release|iPhone.Build.0 = Release|Any CPU
		{96E27D1C-9139-4A26-BE99-29FA25944B73}.Release|iPhone.Deploy.0 = Release|Any CPU
		{96E27D1C-9139-4A26-BE99-29FA25944B73}.Release|iPhoneSimulator.ActiveCfg = Release|Any CPU
		{96E27D1C-9139-4A26-BE99-29FA25944B73}.Release|iPhoneSimulator.Build.0 = Release|Any CPU
		{96E27D1C-9139-4A26-BE99-29FA25944B73}.Release|iPhoneSimulator.Deploy.0 = Release|Any CPU
		{2C2AC83A-EFA0-41B6-938F-10614A71F16A}.Ad-Hoc|Any CPU.ActiveCfg = Release|iPhone
		{2C2AC83A-EFA0-41B6-938F-10614A71F16A}.Ad-Hoc|Any CPU.Build.0 = Release|iPhone
		{2C2AC83A-EFA0-41B6-938F-10614A71F16A}.Ad-Hoc|iPhone.ActiveCfg = Release|iPhone
		{2C2AC83A-EFA0-41B6-938F-10614A71F16A}.Ad-Hoc|iPhone.Build.0 = Release|iPhone
		{2C2AC83A-EFA0-41B6-938F-10614A71F16A}.Ad-Hoc|iPhoneSimulator.ActiveCfg = Release|iPhoneSimulator
		{2C2AC83A-EFA0-41B6-938F-10614A71F16A}.Ad-Hoc|iPhoneSimulator.Build.0 = Release|iPhoneSimulator
		{2C2AC83A-EFA0-41B6-938F-10614A71F16A}.AppStore|Any CPU.ActiveCfg = Release|iPhone
		{2C2AC83A-EFA0-41B6-938F-10614A71F16A}.AppStore|Any CPU.Build.0 = Release|iPhone
		{2C2AC83A-EFA0-41B6-938F-10614A71F16A}.AppStore|iPhone.ActiveCfg = Release|iPhone
		{2C2AC83A-EFA0-41B6-938F-10614A71F16A}.AppStore|iPhone.Build.0 = Release|iPhone
		{2C2AC83A-EFA0-41B6-938F-10614A71F16A}.AppStore|iPhoneSimulator.ActiveCfg = Release|iPhoneSimulator
		{2C2AC83A-EFA0-41B6-938F-10614A71F16A}.AppStore|iPhoneSimulator.Build.0 = Release|iPhoneSimulator
		{2C2AC83A-EFA0-41B6-938F-10614A71F16A}.Debug|Any CPU.ActiveCfg = Debug|iPhone
		{2C2AC83A-EFA0-41B6-938F-10614A71F16A}.Debug|iPhone.ActiveCfg = Debug|iPhone
		{2C2AC83A-EFA0-41B6-938F-10614A71F16A}.Debug|iPhone.Build.0 = Debug|iPhone
		{2C2AC83A-EFA0-41B6-938F-10614A71F16A}.Debug|iPhoneSimulator.ActiveCfg = Debug|iPhoneSimulator
		{2C2AC83A-EFA0-41B6-938F-10614A71F16A}.Debug|iPhoneSimulator.Build.0 = Debug|iPhoneSimulator
		{2C2AC83A-EFA0-41B6-938F-10614A71F16A}.Release|Any CPU.ActiveCfg = Release|iPhone
		{2C2AC83A-EFA0-41B6-938F-10614A71F16A}.Release|iPhone.ActiveCfg = Release|iPhone
		{2C2AC83A-EFA0-41B6-938F-10614A71F16A}.Release|iPhone.Build.0 = Release|iPhone
		{2C2AC83A-EFA0-41B6-938F-10614A71F16A}.Release|iPhoneSimulator.ActiveCfg = Release|iPhoneSimulator
		{2C2AC83A-EFA0-41B6-938F-10614A71F16A}.Release|iPhoneSimulator.Build.0 = Release|iPhoneSimulator
	EndGlobalSection
	GlobalSection(SolutionProperties) = preSolution
		HideSolutionNode = FALSE
	EndGlobalSection
	GlobalSection(ExtensibilityGlobals) = postSolution
		SolutionGuid = {DCFE5DC6-62E5-4BA6-9E0E-54E886D02405}
	EndGlobalSection
EndGlobal
